
Microsoft Visual Studio Solution File, Format Version 12.00
# Visual Studio Version 17
VisualStudioVersion = 17.0.31903.59
MinimumVisualStudioVersion = 10.0.40219.1
Project("{2150E333-8FDC-42A3-9474-1A3956D46DE8}") = "src", "src", "{81F25B00-24D0-482A-AA30-0A2A935415BD}"
EndProject
Project("{FAE04EC0-301F-11D3-BF4B-00C04F79EFBC}") = "PhoneNumbers.Utilities.TestGenerator", "src\PhoneNumbers.Utilities.TestGenerator\PhoneNumbers.Utilities.TestGenerator.csproj", "{C5E90C52-3960-4030-AC30-A166875AFE32}"
EndProject
Global
	GlobalSection(SolutionConfigurationPlatforms) = preSolution
		Debug|Any CPU = Debug|Any CPU
		Release|Any CPU = Release|Any CPU
	EndGlobalSection
	GlobalSection(SolutionProperties) = preSolution
		HideSolutionNode = FALSE
	EndGlobalSection
	GlobalSection(ProjectConfigurationPlatforms) = postSolution
		{C5E90C52-3960-4030-AC30-A166875AFE32}.Debug|Any CPU.ActiveCfg = Debug|Any CPU
		{C5E90C52-3960-4030-AC30-A166875AFE32}.Debug|Any CPU.Build.0 = Debug|Any CPU
		{C5E90C52-3960-4030-AC30-A166875AFE32}.Release|Any CPU.ActiveCfg = Release|Any CPU
		{C5E90C52-3960-4030-AC30-A166875AFE32}.Release|Any CPU.Build.0 = Release|Any CPU
	EndGlobalSection
	GlobalSection(NestedProjects) = preSolution
		{C5E90C52-3960-4030-AC30-A166875AFE32} = {81F25B00-24D0-482A-AA30-0A2A935415BD}
	EndGlobalSection
EndGlobal
